PODS:
  - Alamofire (4.5.1)
  - Fakery (2.0.0)
  - Keys (1.0.0)
  - Kingfisher (3.13.1)
  - Moya (9.0.0):
    - Moya/Core (= 9.0.0)
  - Moya-ObjectMapper (2.4.2):
    - Moya-ObjectMapper/Core (= 2.4.2)
  - Moya-ObjectMapper/Core (2.4.2):
    - Moya (~> 9.0)
    - ObjectMapper (~> 2.2)
  - Moya/Core (9.0.0):
    - Alamofire (~> 4.1)
    - Result (~> 3.0)
  - Nimble (7.0.1)
  - ObjectMapper (2.2.8)
  - Quick (1.1.0)
  - QuickShotUtils (0.2.0)
  - Result (3.2.3)
  - Reusable (4.0.0):
    - Reusable/Storyboard (= 4.0.0)
    - Reusable/View (= 4.0.0)
  - Reusable/Storyboard (4.0.0)
  - Reusable/View (4.0.0)
  - RxSwift (3.6.1)
  - RxTest (3.6.1):
    - RxSwift (~> 3.6)
  - SnapKit (3.2.0)
  - Swinject (2.0.0)
  - XCGLogger (4.0.0):
    - XCGLogger/Core (= 4.0.0)
  - XCGLogger/Core (4.0.0)

DEPENDENCIES:
  - Fakery
  - Keys (from `Pods/CocoaPodsKeys`)
  - Kingfisher
  - Moya
  - Moya-ObjectMapper
  - Nimble
  - Quick
  - QuickShotUtils (from `https://github.com/pmlbrito/QuickShotUtils.git`)
  - Reusable
  - RxSwift
  - RxTest
  - SnapKit
  - Swinject (= 2.0.0)
  - XCGLogger (~> 4.0.0)

EXTERNAL SOURCES:
  Keys:
    :path: Pods/CocoaPodsKeys
  QuickShotUtils:
    :git: https://github.com/pmlbrito/QuickShotUtils.git

CHECKOUT OPTIONS:
  QuickShotUtils:
    :commit: fead432ac4dad1819058d034d09e1a319b4ef421
    :git: https://github.com/pmlbrito/QuickShotUtils.git

SPEC CHECKSUMS:
  Alamofire: 2d95912bf4c34f164fdfc335872e8c312acaea4a
  Fakery: 97b99c23937d2e025d9135c75e2b17351ccd5031
  Keys: 9c35bf00f612ee1d48556f4a4b9b4551e224e90f
  Kingfisher: ed9707a409cc47fddafbcd12a43a9757e3600af5
  Moya: cf5e6ee93af526532f92614004b8ad2ea60fd845
  Moya-ObjectMapper: 96cde46cc673000dc45dde7c476b2d53d59f0159
  Nimble: 657d000e11df8aebe27cdaf9d244de7f30ed87f7
  ObjectMapper: 3d571bb5af471c779e1160828cd9ad5c4ef90958
  Quick: dafc587e21eed9f4cab3249b9f9015b0b7a7f71d
  QuickShotUtils: 2c60abe5f4e291b6c12c871eaea48f691f47d82c
  Result: 128640a6347e8d2ae48b142556739a2d13f90ce6
  Reusable: 98e5fff1e0e2e00872199699b276dde08ee56c07
  RxSwift: f9de85ea20cd2f7716ee5409fc13523dc638e4e4
  RxTest: 1d00348a7848c91ab5bf5d197d2378aa6b2bb356
  SnapKit: 1ca44df72cfa543218d177cb8aab029d10d86ea7
  Swinject: 2e964a80d70ab09b3949c99032711f89147bfd60
  XCGLogger: 38063ea89b4c8b23232d18efd2e12eb0005f3ea4

PODFILE CHECKSUM: 48328bb01353b045c963efecfdde73f3a7462afd

COCOAPODS: 1.2.0
