// !$*UTF8*$!
{
	archiveVersion = 1;
	classes = {
	};
	objectVersion = 46;
	objects = {

/* Begin PBXBuildFile section */
		5E52E711F0E140EEDCCB0B32 /* Pods_CleanRxiOSCinemaTests.framework in Frameworks */ = {isa = PBXBuildFile; fileRef = 6E15D10203BDBC435F187EE0 /* Pods_CleanRxiOSCinemaTests.framework */; };
		7304D60D1E15C77900AC128B /* ApiConfigurationResponse.swift in Sources */ = {isa = PBXBuildFile; fileRef = 7304D60B1E15C77900AC128B /* ApiConfigurationResponse.swift */; };
		7304D60E1E15C77900AC128B /* ApiConfigurationResponse.swift in Sources */ = {isa = PBXBuildFile; fileRef = 7304D60B1E15C77900AC128B /* ApiConfigurationResponse.swift */; };
		7304D60F1E15C77900AC128B /* ApiSize.swift in Sources */ = {isa = PBXBuildFile; fileRef = 7304D60C1E15C77900AC128B /* ApiSize.swift */; };
		7304D6101E15C77900AC128B /* ApiSize.swift in Sources */ = {isa = PBXBuildFile; fileRef = 7304D60C1E15C77900AC128B /* ApiSize.swift */; };
		7304D6121E15CA1D00AC128B /* ConfigurationManager.swift in Sources */ = {isa = PBXBuildFile; fileRef = 7304D6111E15CA1D00AC128B /* ConfigurationManager.swift */; };
		7304D6131E15CA1D00AC128B /* ConfigurationManager.swift in Sources */ = {isa = PBXBuildFile; fileRef = 7304D6111E15CA1D00AC128B /* ConfigurationManager.swift */; };
		7304D6181E15CDDE00AC128B /* CinemaLogger.swift in Sources */ = {isa = PBXBuildFile; fileRef = 7304D6161E15CDDE00AC128B /* CinemaLogger.swift */; };
		7304D6191E15CDDE00AC128B /* CinemaLogger.swift in Sources */ = {isa = PBXBuildFile; fileRef = 7304D6161E15CDDE00AC128B /* CinemaLogger.swift */; };
		7304D61A1E15CDDE00AC128B /* LoggerConfig.plist in Resources */ = {isa = PBXBuildFile; fileRef = 7304D6171E15CDDE00AC128B /* LoggerConfig.plist */; };
		7304D61B1E15CDDE00AC128B /* LoggerConfig.plist in Resources */ = {isa = PBXBuildFile; fileRef = 7304D6171E15CDDE00AC128B /* LoggerConfig.plist */; };
		731332D31E1573E5002AE7D3 /* AppDelegate.swift in Sources */ = {isa = PBXBuildFile; fileRef = 731332D21E1573E5002AE7D3 /* AppDelegate.swift */; };
		731332D51E1573E5002AE7D3 /* ViewController.swift in Sources */ = {isa = PBXBuildFile; fileRef = 731332D41E1573E5002AE7D3 /* ViewController.swift */; };
		731332D81E1573E5002AE7D3 /* Main.storyboard in Resources */ = {isa = PBXBuildFile; fileRef = 731332D61E1573E5002AE7D3 /* Main.storyboard */; };
		731332DA1E1573E5002AE7D3 /* Assets.xcassets in Resources */ = {isa = PBXBuildFile; fileRef = 731332D91E1573E5002AE7D3 /* Assets.xcassets */; };
		731332DD1E1573E5002AE7D3 /* LaunchScreen.storyboard in Resources */ = {isa = PBXBuildFile; fileRef = 731332DB1E1573E5002AE7D3 /* LaunchScreen.storyboard */; };
		731332FD1E157934002AE7D3 /* ConfigurationService.swift in Sources */ = {isa = PBXBuildFile; fileRef = 731332FC1E157934002AE7D3 /* ConfigurationService.swift */; };
		731332FE1E157934002AE7D3 /* ConfigurationService.swift in Sources */ = {isa = PBXBuildFile; fileRef = 731332FC1E157934002AE7D3 /* ConfigurationService.swift */; };
		735140951E38E6750039AC5A /* ApiContainer.swift in Sources */ = {isa = PBXBuildFile; fileRef = 735140941E38E6750039AC5A /* ApiContainer.swift */; };
		735140961E38E6750039AC5A /* ApiContainer.swift in Sources */ = {isa = PBXBuildFile; fileRef = 735140941E38E6750039AC5A /* ApiContainer.swift */; };
		735140981E38F2520039AC5A /* FixtureLoader.swift in Sources */ = {isa = PBXBuildFile; fileRef = 735140971E38F2520039AC5A /* FixtureLoader.swift */; };
		735140A31E38F56E0039AC5A /* ApiImagesConfigurationTests.swift in Sources */ = {isa = PBXBuildFile; fileRef = 735140A21E38F56E0039AC5A /* ApiImagesConfigurationTests.swift */; };
		735140A51E38F62E0039AC5A /* api_configuration_model.json in Resources */ = {isa = PBXBuildFile; fileRef = 735140A41E38F62E0039AC5A /* api_configuration_model.json */; };
		7381B3C51E39055500871B57 /* GetConfigurationProcess.swift in Sources */ = {isa = PBXBuildFile; fileRef = 7381B3C41E39055500871B57 /* GetConfigurationProcess.swift */; };
		7381B3C61E39055500871B57 /* GetConfigurationProcess.swift in Sources */ = {isa = PBXBuildFile; fileRef = 7381B3C41E39055500871B57 /* GetConfigurationProcess.swift */; };
		7381B3C81E39083600871B57 /* Result.swift in Sources */ = {isa = PBXBuildFile; fileRef = 7381B3C71E39083600871B57 /* Result.swift */; };
		7381B3C91E39083600871B57 /* Result.swift in Sources */ = {isa = PBXBuildFile; fileRef = 7381B3C71E39083600871B57 /* Result.swift */; };
		7381B3CB1E390EA100871B57 /* ConfigurationModel.swift in Sources */ = {isa = PBXBuildFile; fileRef = 7381B3CA1E390EA100871B57 /* ConfigurationModel.swift */; };
		7381B3CC1E390EA100871B57 /* ConfigurationModel.swift in Sources */ = {isa = PBXBuildFile; fileRef = 7381B3CA1E390EA100871B57 /* ConfigurationModel.swift */; };
		7381B3CF1E39128100871B57 /* ImageUrlProvider.swift in Sources */ = {isa = PBXBuildFile; fileRef = 7381B3CE1E39128100871B57 /* ImageUrlProvider.swift */; };
		7381B3D01E39128100871B57 /* ImageUrlProvider.swift in Sources */ = {isa = PBXBuildFile; fileRef = 7381B3CE1E39128100871B57 /* ImageUrlProvider.swift */; };
		73BCC22F1E39243400BFB1FC /* Interactor.swift in Sources */ = {isa = PBXBuildFile; fileRef = 73BCC22E1E39243400BFB1FC /* Interactor.swift */; };
		73BCC2301E39243400BFB1FC /* Interactor.swift in Sources */ = {isa = PBXBuildFile; fileRef = 73BCC22E1E39243400BFB1FC /* Interactor.swift */; };
		73BCC2331E39253100BFB1FC /* SplashInteractor.swift in Sources */ = {isa = PBXBuildFile; fileRef = 73BCC2321E39253100BFB1FC /* SplashInteractor.swift */; };
		73BCC2341E39253100BFB1FC /* SplashInteractor.swift in Sources */ = {isa = PBXBuildFile; fileRef = 73BCC2321E39253100BFB1FC /* SplashInteractor.swift */; };
		73FD951A1E15E00D00D8B6D5 /* ApiImagesConfiguration.swift in Sources */ = {isa = PBXBuildFile; fileRef = 73FD95191E15E00D00D8B6D5 /* ApiImagesConfiguration.swift */; };
		73FD951B1E15E00D00D8B6D5 /* ApiImagesConfiguration.swift in Sources */ = {isa = PBXBuildFile; fileRef = 73FD95191E15E00D00D8B6D5 /* ApiImagesConfiguration.swift */; };
		B499F7B5EC25822F25EA9EFE /* Pods_CleanRxiOSCinema.framework in Frameworks */ = {isa = PBXBuildFile; fileRef = C0D8FDE55494D8CE72A839E5 /* Pods_CleanRxiOSCinema.framework */; };
/* End PBXBuildFile section */

/* Begin PBXContainerItemProxy section */
		73005C731E226811000240C2 /* PBXContainerItemProxy */ = {
			isa = PBXContainerItemProxy;
			containerPortal = 731332C71E1573E5002AE7D3 /* Project object */;
			proxyType = 1;
			remoteGlobalIDString = 731332CE1E1573E5002AE7D3;
			remoteInfo = CleanRxiOSCinema;
		};
		731332E41E1573E5002AE7D3 /* PBXContainerItemProxy */ = {
			isa = PBXContainerItemProxy;
			containerPortal = 731332C71E1573E5002AE7D3 /* Project object */;
			proxyType = 1;
			remoteGlobalIDString = 731332CE1E1573E5002AE7D3;
			remoteInfo = CleanRxiOSCinema;
		};
/* End PBXContainerItemProxy section */

/* Begin PBXFileReference section */
		3D5FB64733C9D11D2B88CCFF /* Pods-CleanRxiOSCinema.release.xcconfig */ = {isa = PBXFileReference; includeInIndex = 1; lastKnownFileType = text.xcconfig; name = "Pods-CleanRxiOSCinema.release.xcconfig"; path = "Pods/Target Support Files/Pods-CleanRxiOSCinema/Pods-CleanRxiOSCinema.release.xcconfig"; sourceTree = "<group>"; };
		4796B30E994FD5CFC1CE79F5 /* Pods-CleanRxiOSCinemaTests.debug.xcconfig */ = {isa = PBXFileReference; includeInIndex = 1; lastKnownFileType = text.xcconfig; name = "Pods-CleanRxiOSCinemaTests.debug.xcconfig"; path = "Pods/Target Support Files/Pods-CleanRxiOSCinemaTests/Pods-CleanRxiOSCinemaTests.debug.xcconfig"; sourceTree = "<group>"; };
		6E15D10203BDBC435F187EE0 /* Pods_CleanRxiOSCinemaTests.framework */ = {isa = PBXFileReference; explicitFileType = wrapper.framework; includeInIndex = 0; path = Pods_CleanRxiOSCinemaTests.framework; sourceTree = BUILT_PRODUCTS_DIR; };
		73005C6E1E226811000240C2 /* CleanRxiOSCinemaTests1.xctest */ = {isa = PBXFileReference; explicitFileType = wrapper.cfbundle; includeInIndex = 0; path = CleanRxiOSCinemaTests1.xctest; sourceTree = BUILT_PRODUCTS_DIR; };
		7304D60B1E15C77900AC128B /* ApiConfigurationResponse.swift */ = {isa = PBXFileReference; fileEncoding = 4; lastKnownFileType = sourcecode.swift; name = ApiConfigurationResponse.swift; path = ../Models/Configuration/ApiConfigurationResponse.swift; sourceTree = "<group>"; };
		7304D60C1E15C77900AC128B /* ApiSize.swift */ = {isa = PBXFileReference; fileEncoding = 4; lastKnownFileType = sourcecode.swift; path = ApiSize.swift; sourceTree = "<group>"; };
		7304D6111E15CA1D00AC128B /* ConfigurationManager.swift */ = {isa = PBXFileReference; fileEncoding = 4; lastKnownFileType = sourcecode.swift; name = ConfigurationManager.swift; path = CleanRxiOSCinema/Data/Api/Managers/ConfigurationManager.swift; sourceTree = SOURCE_ROOT; };
		7304D6161E15CDDE00AC128B /* CinemaLogger.swift */ = {isa = PBXFileReference; fileEncoding = 4; lastKnownFileType = sourcecode.swift; path = CinemaLogger.swift; sourceTree = "<group>"; };
		7304D6171E15CDDE00AC128B /* LoggerConfig.plist */ = {isa = PBXFileReference; fileEncoding = 4; lastKnownFileType = text.plist.xml; path = LoggerConfig.plist; sourceTree = "<group>"; };
		731332CF1E1573E5002AE7D3 /* CleanRxiOSCinema.app */ = {isa = PBXFileReference; explicitFileType = wrapper.application; includeInIndex = 0; path = CleanRxiOSCinema.app; sourceTree = BUILT_PRODUCTS_DIR; };
		731332D21E1573E5002AE7D3 /* AppDelegate.swift */ = {isa = PBXFileReference; lastKnownFileType = sourcecode.swift; path = AppDelegate.swift; sourceTree = "<group>"; };
		731332D41E1573E5002AE7D3 /* ViewController.swift */ = {isa = PBXFileReference; lastKnownFileType = sourcecode.swift; path = ViewController.swift; sourceTree = "<group>"; };
		731332D71E1573E5002AE7D3 /* Base */ = {isa = PBXFileReference; lastKnownFileType = file.storyboard; name = Base; path = Base.lproj/Main.storyboard; sourceTree = "<group>"; };
		731332D91E1573E5002AE7D3 /* Assets.xcassets */ = {isa = PBXFileReference; lastKnownFileType = folder.assetcatalog; path = Assets.xcassets; sourceTree = "<group>"; };
		731332DC1E1573E5002AE7D3 /* Base */ = {isa = PBXFileReference; lastKnownFileType = file.storyboard; name = Base; path = Base.lproj/LaunchScreen.storyboard; sourceTree = "<group>"; };
		731332DE1E1573E5002AE7D3 /* Info.plist */ = {isa = PBXFileReference; lastKnownFileType = text.plist.xml; path = Info.plist; sourceTree = "<group>"; };
		731332E31E1573E5002AE7D3 /* CleanRxiOSCinemaTests.xctest */ = {isa = PBXFileReference; explicitFileType = wrapper.cfbundle; includeInIndex = 0; path = CleanRxiOSCinemaTests.xctest; sourceTree = BUILT_PRODUCTS_DIR; };
		731332E91E1573E5002AE7D3 /* Info.plist */ = {isa = PBXFileReference; lastKnownFileType = text.plist.xml; path = Info.plist; sourceTree = "<group>"; };
		731332FC1E157934002AE7D3 /* ConfigurationService.swift */ = {isa = PBXFileReference; fileEncoding = 4; lastKnownFileType = sourcecode.swift; path = ConfigurationService.swift; sourceTree = "<group>"; };
		735140941E38E6750039AC5A /* ApiContainer.swift */ = {isa = PBXFileReference; fileEncoding = 4; lastKnownFileType = sourcecode.swift; path = ApiContainer.swift; sourceTree = "<group>"; };
		735140971E38F2520039AC5A /* FixtureLoader.swift */ = {isa = PBXFileReference; fileEncoding = 4; lastKnownFileType = sourcecode.swift; path = FixtureLoader.swift; sourceTree = "<group>"; };
		735140A21E38F56E0039AC5A /* ApiImagesConfigurationTests.swift */ = {isa = PBXFileReference; fileEncoding = 4; lastKnownFileType = sourcecode.swift; path = ApiImagesConfigurationTests.swift; sourceTree = "<group>"; };
		735140A41E38F62E0039AC5A /* api_configuration_model.json */ = {isa = PBXFileReference; explicitFileType = text.json; fileEncoding = 4; path = api_configuration_model.json; sourceTree = "<group>"; };
		7381B3C41E39055500871B57 /* GetConfigurationProcess.swift */ = {isa = PBXFileReference; fileEncoding = 4; lastKnownFileType = sourcecode.swift; path = GetConfigurationProcess.swift; sourceTree = "<group>"; };
		7381B3C71E39083600871B57 /* Result.swift */ = {isa = PBXFileReference; fileEncoding = 4; lastKnownFileType = sourcecode.swift; path = Result.swift; sourceTree = "<group>"; };
		7381B3CA1E390EA100871B57 /* ConfigurationModel.swift */ = {isa = PBXFileReference; fileEncoding = 4; lastKnownFileType = sourcecode.swift; path = ConfigurationModel.swift; sourceTree = "<group>"; };
		7381B3CE1E39128100871B57 /* ImageUrlProvider.swift */ = {isa = PBXFileReference; fileEncoding = 4; lastKnownFileType = sourcecode.swift; path = ImageUrlProvider.swift; sourceTree = "<group>"; };
		73BCC22E1E39243400BFB1FC /* Interactor.swift */ = {isa = PBXFileReference; fileEncoding = 4; lastKnownFileType = sourcecode.swift; path = Interactor.swift; sourceTree = "<group>"; };
		73BCC2321E39253100BFB1FC /* SplashInteractor.swift */ = {isa = PBXFileReference; fileEncoding = 4; lastKnownFileType = sourcecode.swift; path = SplashInteractor.swift; sourceTree = "<group>"; };
		73FD95191E15E00D00D8B6D5 /* ApiImagesConfiguration.swift */ = {isa = PBXFileReference; fileEncoding = 4; lastKnownFileType = sourcecode.swift; path = ApiImagesConfiguration.swift; sourceTree = "<group>"; };
		8346425A4450C2728132DBFF /* Pods-CleanRxiOSCinemaTests.release.xcconfig */ = {isa = PBXFileReference; includeInIndex = 1; lastKnownFileType = text.xcconfig; name = "Pods-CleanRxiOSCinemaTests.release.xcconfig"; path = "Pods/Target Support Files/Pods-CleanRxiOSCinemaTests/Pods-CleanRxiOSCinemaTests.release.xcconfig"; sourceTree = "<group>"; };
		ABE054055A13F0A1F1495B19 /* Pods-CleanRxiOSCinema.debug.xcconfig */ = {isa = PBXFileReference; includeInIndex = 1; lastKnownFileType = text.xcconfig; name = "Pods-CleanRxiOSCinema.debug.xcconfig"; path = "Pods/Target Support Files/Pods-CleanRxiOSCinema/Pods-CleanRxiOSCinema.debug.xcconfig"; sourceTree = "<group>"; };
		C0D8FDE55494D8CE72A839E5 /* Pods_CleanRxiOSCinema.framework */ = {isa = PBXFileReference; explicitFileType = wrapper.framework; includeInIndex = 0; path = Pods_CleanRxiOSCinema.framework; sourceTree = BUILT_PRODUCTS_DIR; };
/* End PBXFileReference section */

/* Begin PBXFrameworksBuildPhase section */
		73005C6B1E226811000240C2 /* Frameworks */ = {
			isa = PBXFrameworksBuildPhase;
			buildActionMask = 2147483647;
			files = (
			);
			runOnlyForDeploymentPostprocessing = 0;
		};
		731332CC1E1573E5002AE7D3 /* Frameworks */ = {
			isa = PBXFrameworksBuildPhase;
			buildActionMask = 2147483647;
			files = (
				B499F7B5EC25822F25EA9EFE /* Pods_CleanRxiOSCinema.framework in Frameworks */,
			);
			runOnlyForDeploymentPostprocessing = 0;
		};
		731332E01E1573E5002AE7D3 /* Frameworks */ = {
			isa = PBXFrameworksBuildPhase;
			buildActionMask = 2147483647;
			files = (
				5E52E711F0E140EEDCCB0B32 /* Pods_CleanRxiOSCinemaTests.framework in Frameworks */,
			);
			runOnlyForDeploymentPostprocessing = 0;
		};
/* End PBXFrameworksBuildPhase section */

/* Begin PBXGroup section */
		7304D6041E15C62200AC128B /* Configuration */ = {
			isa = PBXGroup;
			children = (
				73FD95191E15E00D00D8B6D5 /* ApiImagesConfiguration.swift */,
				7304D60C1E15C77900AC128B /* ApiSize.swift */,
			);
			path = Configuration;
			sourceTree = "<group>";
		};
		7304D6141E15CDBA00AC128B /* Utils */ = {
			isa = PBXGroup;
			children = (
				7304D6151E15CDCB00AC128B /* Logging */,
			);
			path = Utils;
			sourceTree = "<group>";
		};
		7304D6151E15CDCB00AC128B /* Logging */ = {
			isa = PBXGroup;
			children = (
				7304D6161E15CDDE00AC128B /* CinemaLogger.swift */,
				7304D6171E15CDDE00AC128B /* LoggerConfig.plist */,
			);
			path = Logging;
			sourceTree = "<group>";
		};
		731332C61E1573E5002AE7D3 = {
			isa = PBXGroup;
			children = (
				731332D11E1573E5002AE7D3 /* CleanRxiOSCinema */,
				731332E61E1573E5002AE7D3 /* CleanRxiOSCinemaTests */,
				D92DABCFAEEA07D24096975D /* Frameworks */,
				B9D5CD088A7B09CFFC0952FA /* Pods */,
				731332D01E1573E5002AE7D3 /* Products */,
			);
			sourceTree = "<group>";
		};
		731332D01E1573E5002AE7D3 /* Products */ = {
			isa = PBXGroup;
			children = (
				731332CF1E1573E5002AE7D3 /* CleanRxiOSCinema.app */,
				731332E31E1573E5002AE7D3 /* CleanRxiOSCinemaTests.xctest */,
				73005C6E1E226811000240C2 /* CleanRxiOSCinemaTests1.xctest */,
			);
			name = Products;
			sourceTree = "<group>";
		};
		731332D11E1573E5002AE7D3 /* CleanRxiOSCinema */ = {
			isa = PBXGroup;
			children = (
				731332D21E1573E5002AE7D3 /* AppDelegate.swift */,
				731332D91E1573E5002AE7D3 /* Assets.xcassets */,
				731332F51E1577BB002AE7D3 /* Data */,
				731332F41E1577B5002AE7D3 /* Domain */,
				731332DE1E1573E5002AE7D3 /* Info.plist */,
				731332DB1E1573E5002AE7D3 /* LaunchScreen.storyboard */,
				731332D61E1573E5002AE7D3 /* Main.storyboard */,
				731332F61E1577C1002AE7D3 /* Presentation */,
				7304D6141E15CDBA00AC128B /* Utils */,
				731332D41E1573E5002AE7D3 /* ViewController.swift */,
				735140941E38E6750039AC5A /* ApiContainer.swift */,
			);
			path = CleanRxiOSCinema;
			sourceTree = "<group>";
		};
		731332E61E1573E5002AE7D3 /* CleanRxiOSCinemaTests */ = {
			isa = PBXGroup;
			children = (
				7351409A1E38F3250039AC5A /* Data */,
				735140991E38F2DC0039AC5A /* Resources */,
				731332E91E1573E5002AE7D3 /* Info.plist */,
				735140971E38F2520039AC5A /* FixtureLoader.swift */,
			);
			path = CleanRxiOSCinemaTests;
			sourceTree = "<group>";
		};
		731332F41E1577B5002AE7D3 /* Domain */ = {
			isa = PBXGroup;
			children = (
				731332FF1E1579AB002AE7D3 /* Common */,
				73BCC2311E39252000BFB1FC /* Splash */,
			);
			path = Domain;
			sourceTree = "<group>";
		};
		731332F51E1577BB002AE7D3 /* Data */ = {
			isa = PBXGroup;
			children = (
				731332F71E15785E002AE7D3 /* Api */,
			);
			path = Data;
			sourceTree = "<group>";
		};
		731332F61E1577C1002AE7D3 /* Presentation */ = {
			isa = PBXGroup;
			children = (
			);
			path = Presentation;
			sourceTree = "<group>";
		};
		731332F71E15785E002AE7D3 /* Api */ = {
			isa = PBXGroup;
			children = (
				731332F91E157876002AE7D3 /* Managers */,
				731332FA1E15787C002AE7D3 /* Models */,
				731332FB1E157885002AE7D3 /* Responses */,
				731332F81E15786F002AE7D3 /* Services */,
			);
			path = Api;
			sourceTree = "<group>";
		};
		731332F81E15786F002AE7D3 /* Services */ = {
			isa = PBXGroup;
			children = (
				731332FC1E157934002AE7D3 /* ConfigurationService.swift */,
			);
			path = Services;
			sourceTree = "<group>";
		};
		731332F91E157876002AE7D3 /* Managers */ = {
			isa = PBXGroup;
			children = (
				7304D6111E15CA1D00AC128B /* ConfigurationManager.swift */,
			);
			name = Managers;
			path = Factories;
			sourceTree = "<group>";
		};
		731332FA1E15787C002AE7D3 /* Models */ = {
			isa = PBXGroup;
			children = (
				7304D6041E15C62200AC128B /* Configuration */,
			);
			path = Models;
			sourceTree = "<group>";
		};
		731332FB1E157885002AE7D3 /* Responses */ = {
			isa = PBXGroup;
			children = (
				7304D60B1E15C77900AC128B /* ApiConfigurationResponse.swift */,
			);
			path = Responses;
			sourceTree = "<group>";
		};
		731332FF1E1579AB002AE7D3 /* Common */ = {
			isa = PBXGroup;
			children = (
				731333001E1579BB002AE7D3 /* Configuration */,
				7381B3CD1E39123800871B57 /* Providers */,
				7381B3C71E39083600871B57 /* Result.swift */,
				73BCC22E1E39243400BFB1FC /* Interactor.swift */,
			);
			path = Common;
			sourceTree = "<group>";
		};
		731333001E1579BB002AE7D3 /* Configuration */ = {
			isa = PBXGroup;
			children = (
				7381B3C41E39055500871B57 /* GetConfigurationProcess.swift */,
				7381B3CA1E390EA100871B57 /* ConfigurationModel.swift */,
			);
			path = Configuration;
			sourceTree = "<group>";
		};
		735140991E38F2DC0039AC5A /* Resources */ = {
			isa = PBXGroup;
			children = (
				735140A41E38F62E0039AC5A /* api_configuration_model.json */,
			);
			path = Resources;
			sourceTree = "<group>";
		};
		7351409A1E38F3250039AC5A /* Data */ = {
			isa = PBXGroup;
			children = (
				7351409C1E38F33D0039AC5A /* Api */,
			);
			path = Data;
			sourceTree = "<group>";
		};
		7351409C1E38F33D0039AC5A /* Api */ = {
			isa = PBXGroup;
			children = (
				7351409D1E38F34A0039AC5A /* Managers */,
				7351409E1E38F3660039AC5A /* Models */,
				7351409F1E38F3740039AC5A /* Responses */,
				735140A01E38F37E0039AC5A /* Services */,
			);
			path = Api;
			sourceTree = "<group>";
		};
		7351409D1E38F34A0039AC5A /* Managers */ = {
			isa = PBXGroup;
			children = (
			);
			path = Managers;
			sourceTree = "<group>";
		};
		7351409E1E38F3660039AC5A /* Models */ = {
			isa = PBXGroup;
			children = (
				735140A11E38F5330039AC5A /* Configuration */,
			);
			path = Models;
			sourceTree = "<group>";
		};
		7351409F1E38F3740039AC5A /* Responses */ = {
			isa = PBXGroup;
			children = (
			);
			path = Responses;
			sourceTree = "<group>";
		};
		735140A01E38F37E0039AC5A /* Services */ = {
			isa = PBXGroup;
			children = (
			);
			path = Services;
			sourceTree = "<group>";
		};
		735140A11E38F5330039AC5A /* Configuration */ = {
			isa = PBXGroup;
			children = (
				735140A21E38F56E0039AC5A /* ApiImagesConfigurationTests.swift */,
			);
			path = Configuration;
			sourceTree = "<group>";
		};
		7381B3CD1E39123800871B57 /* Providers */ = {
			isa = PBXGroup;
			children = (
				7381B3CE1E39128100871B57 /* ImageUrlProvider.swift */,
			);
			path = Providers;
			sourceTree = "<group>";
		};
		73BCC2311E39252000BFB1FC /* Splash */ = {
			isa = PBXGroup;
			children = (
				73BCC2321E39253100BFB1FC /* SplashInteractor.swift */,
			);
			name = Splash;
			sourceTree = "<group>";
		};
		B9D5CD088A7B09CFFC0952FA /* Pods */ = {
			isa = PBXGroup;
			children = (
				ABE054055A13F0A1F1495B19 /* Pods-CleanRxiOSCinema.debug.xcconfig */,
				3D5FB64733C9D11D2B88CCFF /* Pods-CleanRxiOSCinema.release.xcconfig */,
				4796B30E994FD5CFC1CE79F5 /* Pods-CleanRxiOSCinemaTests.debug.xcconfig */,
				8346425A4450C2728132DBFF /* Pods-CleanRxiOSCinemaTests.release.xcconfig */,
			);
			name = Pods;
			sourceTree = "<group>";
		};
		D92DABCFAEEA07D24096975D /* Frameworks */ = {
			isa = PBXGroup;
			children = (
				C0D8FDE55494D8CE72A839E5 /* Pods_CleanRxiOSCinema.framework */,
				6E15D10203BDBC435F187EE0 /* Pods_CleanRxiOSCinemaTests.framework */,
			);
			name = Frameworks;
			sourceTree = "<group>";
		};
/* End PBXGroup section */

/* Begin PBXNativeTarget section */
		73005C6D1E226811000240C2 /* CleanRxiOSCinemaTests1 */ = {
			isa = PBXNativeTarget;
			buildConfigurationList = 73005C771E226811000240C2 /* Build configuration list for PBXNativeTarget "CleanRxiOSCinemaTests1" */;
			buildPhases = (
				73005C6A1E226811000240C2 /* Sources */,
				73005C6B1E226811000240C2 /* Frameworks */,
				73005C6C1E226811000240C2 /* Resources */,
			);
			buildRules = (
			);
			dependencies = (
				73005C741E226811000240C2 /* PBXTargetDependency */,
			);
			name = CleanRxiOSCinemaTests1;
			productName = CleanRxiOSCinemaTests1;
			productReference = 73005C6E1E226811000240C2 /* CleanRxiOSCinemaTests1.xctest */;
			productType = "com.apple.product-type.bundle.unit-test";
		};
		731332CE1E1573E5002AE7D3 /* CleanRxiOSCinema */ = {
			isa = PBXNativeTarget;
			buildConfigurationList = 731332EC1E1573E5002AE7D3 /* Build configuration list for PBXNativeTarget "CleanRxiOSCinema" */;
			buildPhases = (
				CE54B123A72A59FF6EE28CD5 /* [CP] Check Pods Manifest.lock */,
				731332CB1E1573E5002AE7D3 /* Sources */,
				731332CC1E1573E5002AE7D3 /* Frameworks */,
				731332CD1E1573E5002AE7D3 /* Resources */,
				74FA9C7A6362F12C244F10DB /* [CP] Embed Pods Frameworks */,
				812A8D26449D49C2F96D587D /* [CP] Copy Pods Resources */,
			);
			buildRules = (
			);
			dependencies = (
			);
			name = CleanRxiOSCinema;
			productName = CleanRxiOSCinema;
			productReference = 731332CF1E1573E5002AE7D3 /* CleanRxiOSCinema.app */;
			productType = "com.apple.product-type.application";
		};
		731332E21E1573E5002AE7D3 /* CleanRxiOSCinemaTests */ = {
			isa = PBXNativeTarget;
			buildConfigurationList = 731332EF1E1573E5002AE7D3 /* Build configuration list for PBXNativeTarget "CleanRxiOSCinemaTests" */;
			buildPhases = (
				22B614BA1ACAB5B8E007ADBE /* [CP] Check Pods Manifest.lock */,
				731332DF1E1573E5002AE7D3 /* Sources */,
				731332E01E1573E5002AE7D3 /* Frameworks */,
				731332E11E1573E5002AE7D3 /* Resources */,
				002E707B737F1388E3363625 /* [CP] Embed Pods Frameworks */,
				E8F653E9B44D1B3AF3FA307E /* [CP] Copy Pods Resources */,
			);
			buildRules = (
			);
			dependencies = (
				731332E51E1573E5002AE7D3 /* PBXTargetDependency */,
			);
			name = CleanRxiOSCinemaTests;
			productName = CleanRxiOSCinemaTests;
			productReference = 731332E31E1573E5002AE7D3 /* CleanRxiOSCinemaTests.xctest */;
			productType = "com.apple.product-type.bundle.unit-test";
		};
/* End PBXNativeTarget section */

/* Begin PBXProject section */
		731332C71E1573E5002AE7D3 /* Project object */ = {
			isa = PBXProject;
			attributes = {
				LastSwiftUpdateCheck = 0820;
				LastUpgradeCheck = 0820;
				ORGANIZATIONNAME = "Cláudio Ribeiro";
				TargetAttributes = {
					73005C6D1E226811000240C2 = {
						CreatedOnToolsVersion = 8.2.1;
						DevelopmentTeam = RY5H3SA37H;
						ProvisioningStyle = Automatic;
						TestTargetID = 731332CE1E1573E5002AE7D3;
					};
					731332CE1E1573E5002AE7D3 = {
						CreatedOnToolsVersion = 8.2.1;
						DevelopmentTeam = RY5H3SA37H;
						ProvisioningStyle = Automatic;
					};
					731332E21E1573E5002AE7D3 = {
						CreatedOnToolsVersion = 8.2.1;
						DevelopmentTeam = RY5H3SA37H;
						ProvisioningStyle = Automatic;
						TestTargetID = 731332CE1E1573E5002AE7D3;
					};
				};
			};
			buildConfigurationList = 731332CA1E1573E5002AE7D3 /* Build configuration list for PBXProject "CleanRxiOSCinema" */;
			compatibilityVersion = "Xcode 3.2";
			developmentRegion = English;
			hasScannedForEncodings = 0;
			knownRegions = (
				en,
				Base,
			);
			mainGroup = 731332C61E1573E5002AE7D3;
			productRefGroup = 731332D01E1573E5002AE7D3 /* Products */;
			projectDirPath = "";
			projectRoot = "";
			targets = (
				731332CE1E1573E5002AE7D3 /* CleanRxiOSCinema */,
				731332E21E1573E5002AE7D3 /* CleanRxiOSCinemaTests */,
				73005C6D1E226811000240C2 /* CleanRxiOSCinemaTests1 */,
			);
		};
/* End PBXProject section */

/* Begin PBXResourcesBuildPhase section */
		73005C6C1E226811000240C2 /* Resources */ = {
			isa = PBXResourcesBuildPhase;
			buildActionMask = 2147483647;
			files = (
			);
			runOnlyForDeploymentPostprocessing = 0;
		};
		731332CD1E1573E5002AE7D3 /* Resources */ = {
			isa = PBXResourcesBuildPhase;
			buildActionMask = 2147483647;
			files = (
				731332DD1E1573E5002AE7D3 /* LaunchScreen.storyboard in Resources */,
				731332DA1E1573E5002AE7D3 /* Assets.xcassets in Resources */,
				7304D61A1E15CDDE00AC128B /* LoggerConfig.plist in Resources */,
				731332D81E1573E5002AE7D3 /* Main.storyboard in Resources */,
			);
			runOnlyForDeploymentPostprocessing = 0;
		};
		731332E11E1573E5002AE7D3 /* Resources */ = {
			isa = PBXResourcesBuildPhase;
			buildActionMask = 2147483647;
			files = (
				7304D61B1E15CDDE00AC128B /* LoggerConfig.plist in Resources */,
				735140A51E38F62E0039AC5A /* api_configuration_model.json in Resources */,
			);
			runOnlyForDeploymentPostprocessing = 0;
		};
/* End PBXResourcesBuildPhase section */

/* Begin PBXShellScriptBuildPhase section */
		002E707B737F1388E3363625 /* [CP] Embed Pods Frameworks */ = {
			isa = PBXShellScriptBuildPhase;
			buildActionMask = 2147483647;
			files = (
			);
			inputPaths = (
			);
			name = "[CP] Embed Pods Frameworks";
			outputPaths = (
			);
			runOnlyForDeploymentPostprocessing = 0;
			shellPath = /bin/sh;
			shellScript = "\"${SRCROOT}/Pods/Target Support Files/Pods-CleanRxiOSCinemaTests/Pods-CleanRxiOSCinemaTests-frameworks.sh\"\n";
			showEnvVarsInLog = 0;
		};
		22B614BA1ACAB5B8E007ADBE /* [CP] Check Pods Manifest.lock */ = {
			isa = PBXShellScriptBuildPhase;
			buildActionMask = 2147483647;
			files = (
			);
			inputPaths = (
			);
			name = "[CP] Check Pods Manifest.lock";
			outputPaths = (
			);
			runOnlyForDeploymentPostprocessing = 0;
			shellPath = /bin/sh;
			shellScript = "diff \"${PODS_ROOT}/../Podfile.lock\" \"${PODS_ROOT}/Manifest.lock\" > /dev/null\nif [ $? != 0 ] ; then\n    # print error to STDERR\n    echo \"error: The sandbox is not in sync with the Podfile.lock. Run 'pod install' or update your CocoaPods installation.\" >&2\n    exit 1\nfi\n";
			showEnvVarsInLog = 0;
		};
		74FA9C7A6362F12C244F10DB /* [CP] Embed Pods Frameworks */ = {
			isa = PBXShellScriptBuildPhase;
			buildActionMask = 2147483647;
			files = (
			);
			inputPaths = (
			);
			name = "[CP] Embed Pods Frameworks";
			outputPaths = (
			);
			runOnlyForDeploymentPostprocessing = 0;
			shellPath = /bin/sh;
			shellScript = "\"${SRCROOT}/Pods/Target Support Files/Pods-CleanRxiOSCinema/Pods-CleanRxiOSCinema-frameworks.sh\"\n";
			showEnvVarsInLog = 0;
		};
		812A8D26449D49C2F96D587D /* [CP] Copy Pods Resources */ = {
			isa = PBXShellScriptBuildPhase;
			buildActionMask = 2147483647;
			files = (
			);
			inputPaths = (
			);
			name = "[CP] Copy Pods Resources";
			outputPaths = (
			);
			runOnlyForDeploymentPostprocessing = 0;
			shellPath = /bin/sh;
			shellScript = "\"${SRCROOT}/Pods/Target Support Files/Pods-CleanRxiOSCinema/Pods-CleanRxiOSCinema-resources.sh\"\n";
			showEnvVarsInLog = 0;
		};
		CE54B123A72A59FF6EE28CD5 /* [CP] Check Pods Manifest.lock */ = {
			isa = PBXShellScriptBuildPhase;
			buildActionMask = 2147483647;
			files = (
			);
			inputPaths = (
			);
			name = "[CP] Check Pods Manifest.lock";
			outputPaths = (
			);
			runOnlyForDeploymentPostprocessing = 0;
			shellPath = /bin/sh;
			shellScript = "diff \"${PODS_ROOT}/../Podfile.lock\" \"${PODS_ROOT}/Manifest.lock\" > /dev/null\nif [ $? != 0 ] ; then\n    # print error to STDERR\n    echo \"error: The sandbox is not in sync with the Podfile.lock. Run 'pod install' or update your CocoaPods installation.\" >&2\n    exit 1\nfi\n";
			showEnvVarsInLog = 0;
		};
		E8F653E9B44D1B3AF3FA307E /* [CP] Copy Pods Resources */ = {
			isa = PBXShellScriptBuildPhase;
			buildActionMask = 2147483647;
			files = (
			);
			inputPaths = (
			);
			name = "[CP] Copy Pods Resources";
			outputPaths = (
			);
			runOnlyForDeploymentPostprocessing = 0;
			shellPath = /bin/sh;
			shellScript = "\"${SRCROOT}/Pods/Target Support Files/Pods-CleanRxiOSCinemaTests/Pods-CleanRxiOSCinemaTests-resources.sh\"\n";
			showEnvVarsInLog = 0;
		};
/* End PBXShellScriptBuildPhase section */

/* Begin PBXSourcesBuildPhase section */
		73005C6A1E226811000240C2 /* Sources */ = {
			isa = PBXSourcesBuildPhase;
			buildActionMask = 2147483647;
			files = (
			);
			runOnlyForDeploymentPostprocessing = 0;
		};
		731332CB1E1573E5002AE7D3 /* Sources */ = {
			isa = PBXSourcesBuildPhase;
			buildActionMask = 2147483647;
			files = (
				7304D60F1E15C77900AC128B /* ApiSize.swift in Sources */,
				731332D51E1573E5002AE7D3 /* ViewController.swift in Sources */,
				7304D6121E15CA1D00AC128B /* ConfigurationManager.swift in Sources */,
				731332FD1E157934002AE7D3 /* ConfigurationService.swift in Sources */,
				7304D6181E15CDDE00AC128B /* CinemaLogger.swift in Sources */,
				7381B3CF1E39128100871B57 /* ImageUrlProvider.swift in Sources */,
				731332D31E1573E5002AE7D3 /* AppDelegate.swift in Sources */,
				73BCC2331E39253100BFB1FC /* SplashInteractor.swift in Sources */,
				735140951E38E6750039AC5A /* ApiContainer.swift in Sources */,
				7304D60D1E15C77900AC128B /* ApiConfigurationResponse.swift in Sources */,
				7381B3CB1E390EA100871B57 /* ConfigurationModel.swift in Sources */,
				73FD951A1E15E00D00D8B6D5 /* ApiImagesConfiguration.swift in Sources */,
				7381B3C51E39055500871B57 /* GetConfigurationProcess.swift in Sources */,
				73BCC22F1E39243400BFB1FC /* Interactor.swift in Sources */,
				7381B3C81E39083600871B57 /* Result.swift in Sources */,
			);
			runOnlyForDeploymentPostprocessing = 0;
		};
		731332DF1E1573E5002AE7D3 /* Sources */ = {
			isa = PBXSourcesBuildPhase;
			buildActionMask = 2147483647;
			files = (
				7304D6191E15CDDE00AC128B /* CinemaLogger.swift in Sources */,
				73FD951B1E15E00D00D8B6D5 /* ApiImagesConfiguration.swift in Sources */,
				735140961E38E6750039AC5A /* ApiContainer.swift in Sources */,
				735140A31E38F56E0039AC5A /* ApiImagesConfigurationTests.swift in Sources */,
				7304D6131E15CA1D00AC128B /* ConfigurationManager.swift in Sources */,
				7381B3D01E39128100871B57 /* ImageUrlProvider.swift in Sources */,
				731332FE1E157934002AE7D3 /* ConfigurationService.swift in Sources */,
				73BCC2341E39253100BFB1FC /* SplashInteractor.swift in Sources */,
				735140981E38F2520039AC5A /* FixtureLoader.swift in Sources */,
				7304D6101E15C77900AC128B /* ApiSize.swift in Sources */,
				7381B3CC1E390EA100871B57 /* ConfigurationModel.swift in Sources */,
				7304D60E1E15C77900AC128B /* ApiConfigurationResponse.swift in Sources */,
				7381B3C61E39055500871B57 /* GetConfigurationProcess.swift in Sources */,
				73BCC2301E39243400BFB1FC /* Interactor.swift in Sources */,
				7381B3C91E39083600871B57 /* Result.swift in Sources */,
			);
			runOnlyForDeploymentPostprocessing = 0;
		};
/* End PBXSourcesBuildPhase section */

/* Begin PBXTargetDependency section */
		73005C741E226811000240C2 /* PBXTargetDependency */ = {
			isa = PBXTargetDependency;
			target = 731332CE1E1573E5002AE7D3 /* CleanRxiOSCinema */;
			targetProxy = 73005C731E226811000240C2 /* PBXContainerItemProxy */;
		};
		731332E51E1573E5002AE7D3 /* PBXTargetDependency */ = {
			isa = PBXTargetDependency;
			target = 731332CE1E1573E5002AE7D3 /* CleanRxiOSCinema */;
			targetProxy = 731332E41E1573E5002AE7D3 /* PBXContainerItemProxy */;
		};
/* End PBXTargetDependency section */

/* Begin PBXVariantGroup section */
		731332D61E1573E5002AE7D3 /* Main.storyboard */ = {
			isa = PBXVariantGroup;
			children = (
				731332D71E1573E5002AE7D3 /* Base */,
			);
			name = Main.storyboard;
			sourceTree = "<group>";
		};
		731332DB1E1573E5002AE7D3 /* LaunchScreen.storyboard */ = {
			isa = PBXVariantGroup;
			children = (
				731332DC1E1573E5002AE7D3 /* Base */,
			);
			name = LaunchScreen.storyboard;
			sourceTree = "<group>";
		};
/* End PBXVariantGroup section */

/* Begin XCBuildConfiguration section */
		73005C751E226811000240C2 /* Debug */ = {
			isa = XCBuildConfiguration;
			buildSettings = {
				BUNDLE_LOADER = "$(TEST_HOST)";
				DEVELOPMENT_TEAM = RY5H3SA37H;
				INFOPLIST_FILE = CleanRxiOSCinemaTests1/Info.plist;
				LD_RUNPATH_SEARCH_PATHS = "$(inherited) @executable_path/Frameworks @loader_path/Frameworks";
				PRODUCT_BUNDLE_IDENTIFIER = com.crpr.CleanRxiOSCinemaTests1;
				PRODUCT_NAME = "$(TARGET_NAME)";
				SWIFT_VERSION = 3.0;
				TEST_HOST = "$(BUILT_PRODUCTS_DIR)/CleanRxiOSCinema.app/CleanRxiOSCinema";
			};
			name = Debug;
		};
		73005C761E226811000240C2 /* Release */ = {
			isa = XCBuildConfiguration;
			buildSettings = {
				BUNDLE_LOADER = "$(TEST_HOST)";
				DEVELOPMENT_TEAM = RY5H3SA37H;
				INFOPLIST_FILE = CleanRxiOSCinemaTests1/Info.plist;
				LD_RUNPATH_SEARCH_PATHS = "$(inherited) @executable_path/Frameworks @loader_path/Frameworks";
				PRODUCT_BUNDLE_IDENTIFIER = com.crpr.CleanRxiOSCinemaTests1;
				PRODUCT_NAME = "$(TARGET_NAME)";
				SWIFT_VERSION = 3.0;
				TEST_HOST = "$(BUILT_PRODUCTS_DIR)/CleanRxiOSCinema.app/CleanRxiOSCinema";
			};
			name = Release;
		};
		731332EA1E1573E5002AE7D3 /* Debug */ = {
			isa = XCBuildConfiguration;
			buildSettings = {
				ALWAYS_SEARCH_USER_PATHS = NO;
				CLANG_ANALYZER_NONNULL = YES;
				CLANG_CXX_LANGUAGE_STANDARD = "gnu++0x";
				CLANG_CXX_LIBRARY = "libc++";
				CLANG_ENABLE_MODULES = YES;
				CLANG_ENABLE_OBJC_ARC = YES;
				CLANG_WARN_BOOL_CONVERSION = YES;
				CLANG_WARN_CONSTANT_CONVERSION = YES;
				CLANG_WARN_DIRECT_OBJC_ISA_USAGE = YES_ERROR;
				CLANG_WARN_DOCUMENTATION_COMMENTS = YES;
				CLANG_WARN_EMPTY_BODY = YES;
				CLANG_WARN_ENUM_CONVERSION = YES;
				CLANG_WARN_INFINITE_RECURSION = YES;
				CLANG_WARN_INT_CONVERSION = YES;
				CLANG_WARN_OBJC_ROOT_CLASS = YES_ERROR;
				CLANG_WARN_SUSPICIOUS_MOVE = YES;
				CLANG_WARN_UNREACHABLE_CODE = YES;
				CLANG_WARN__DUPLICATE_METHOD_MATCH = YES;
				"CODE_SIGN_IDENTITY[sdk=iphoneos*]" = "iPhone Developer";
				COPY_PHASE_STRIP = NO;
				DEBUG_INFORMATION_FORMAT = dwarf;
				ENABLE_STRICT_OBJC_MSGSEND = YES;
				ENABLE_TESTABILITY = YES;
				GCC_C_LANGUAGE_STANDARD = gnu99;
				GCC_DYNAMIC_NO_PIC = NO;
				GCC_NO_COMMON_BLOCKS = YES;
				GCC_OPTIMIZATION_LEVEL = 0;
				GCC_PREPROCESSOR_DEFINITIONS = (
					"DEBUG=1",
					"$(inherited)",
				);
				GCC_WARN_64_TO_32_BIT_CONVERSION = YES;
				GCC_WARN_ABOUT_RETURN_TYPE = YES_ERROR;
				GCC_WARN_UNDECLARED_SELECTOR = YES;
				GCC_WARN_UNINITIALIZED_AUTOS = YES_AGGRESSIVE;
				GCC_WARN_UNUSED_FUNCTION = YES;
				GCC_WARN_UNUSED_VARIABLE = YES;
				IPHONEOS_DEPLOYMENT_TARGET = 10.2;
				MTL_ENABLE_DEBUG_INFO = YES;
				ONLY_ACTIVE_ARCH = YES;
				SDKROOT = iphoneos;
				SWIFT_ACTIVE_COMPILATION_CONDITIONS = DEBUG;
				SWIFT_OPTIMIZATION_LEVEL = "-Onone";
			};
			name = Debug;
		};
		731332EB1E1573E5002AE7D3 /* Release */ = {
			isa = XCBuildConfiguration;
			buildSettings = {
				ALWAYS_SEARCH_USER_PATHS = NO;
				CLANG_ANALYZER_NONNULL = YES;
				CLANG_CXX_LANGUAGE_STANDARD = "gnu++0x";
				CLANG_CXX_LIBRARY = "libc++";
				CLANG_ENABLE_MODULES = YES;
				CLANG_ENABLE_OBJC_ARC = YES;
				CLANG_WARN_BOOL_CONVERSION = YES;
				CLANG_WARN_CONSTANT_CONVERSION = YES;
				CLANG_WARN_DIRECT_OBJC_ISA_USAGE = YES_ERROR;
				CLANG_WARN_DOCUMENTATION_COMMENTS = YES;
				CLANG_WARN_EMPTY_BODY = YES;
				CLANG_WARN_ENUM_CONVERSION = YES;
				CLANG_WARN_INFINITE_RECURSION = YES;
				CLANG_WARN_INT_CONVERSION = YES;
				CLANG_WARN_OBJC_ROOT_CLASS = YES_ERROR;
				CLANG_WARN_SUSPICIOUS_MOVE = YES;
				CLANG_WARN_UNREACHABLE_CODE = YES;
				CLANG_WARN__DUPLICATE_METHOD_MATCH = YES;
				"CODE_SIGN_IDENTITY[sdk=iphoneos*]" = "iPhone Developer";
				COPY_PHASE_STRIP = NO;
				DEBUG_INFORMATION_FORMAT = "dwarf-with-dsym";
				ENABLE_NS_ASSERTIONS = NO;
				ENABLE_STRICT_OBJC_MSGSEND = YES;
				GCC_C_LANGUAGE_STANDARD = gnu99;
				GCC_NO_COMMON_BLOCKS = YES;
				GCC_WARN_64_TO_32_BIT_CONVERSION = YES;
				GCC_WARN_ABOUT_RETURN_TYPE = YES_ERROR;
				GCC_WARN_UNDECLARED_SELECTOR = YES;
				GCC_WARN_UNINITIALIZED_AUTOS = YES_AGGRESSIVE;
				GCC_WARN_UNUSED_FUNCTION = YES;
				GCC_WARN_UNUSED_VARIABLE = YES;
				IPHONEOS_DEPLOYMENT_TARGET = 10.2;
				MTL_ENABLE_DEBUG_INFO = NO;
				SDKROOT = iphoneos;
				SWIFT_OPTIMIZATION_LEVEL = "-Owholemodule";
				VALIDATE_PRODUCT = YES;
			};
			name = Release;
		};
		731332ED1E1573E5002AE7D3 /* Debug */ = {
			isa = XCBuildConfiguration;
			baseConfigurationReference = ABE054055A13F0A1F1495B19 /* Pods-CleanRxiOSCinema.debug.xcconfig */;
			buildSettings = {
				ALWAYS_EMBED_SWIFT_STANDARD_LIBRARIES = NO;
				ASSETCATALOG_COMPILER_APPICON_NAME = AppIcon;
				DEVELOPMENT_TEAM = RY5H3SA37H;
				INFOPLIST_FILE = CleanRxiOSCinema/Info.plist;
				LD_RUNPATH_SEARCH_PATHS = "$(inherited) @executable_path/Frameworks";
				PRODUCT_BUNDLE_IDENTIFIER = com.crpr.CleanRxiOSCinema;
				PRODUCT_NAME = "$(TARGET_NAME)";
				SWIFT_VERSION = 3.0;
			};
			name = Debug;
		};
		731332EE1E1573E5002AE7D3 /* Release */ = {
			isa = XCBuildConfiguration;
			baseConfigurationReference = 3D5FB64733C9D11D2B88CCFF /* Pods-CleanRxiOSCinema.release.xcconfig */;
			buildSettings = {
				ALWAYS_EMBED_SWIFT_STANDARD_LIBRARIES = NO;
				ASSETCATALOG_COMPILER_APPICON_NAME = AppIcon;
				DEVELOPMENT_TEAM = RY5H3SA37H;
				INFOPLIST_FILE = CleanRxiOSCinema/Info.plist;
				LD_RUNPATH_SEARCH_PATHS = "$(inherited) @executable_path/Frameworks";
				PRODUCT_BUNDLE_IDENTIFIER = com.crpr.CleanRxiOSCinema;
				PRODUCT_NAME = "$(TARGET_NAME)";
				SWIFT_VERSION = 3.0;
			};
			name = Release;
		};
		731332F01E1573E5002AE7D3 /* Debug */ = {
			isa = XCBuildConfiguration;
			baseConfigurationReference = 4796B30E994FD5CFC1CE79F5 /* Pods-CleanRxiOSCinemaTests.debug.xcconfig */;
			buildSettings = {
				ALWAYS_EMBED_SWIFT_STANDARD_LIBRARIES = NO;
				BUNDLE_LOADER = "$(TEST_HOST)";
				DEVELOPMENT_TEAM = RY5H3SA37H;
				INFOPLIST_FILE = CleanRxiOSCinemaTests/Info.plist;
				LD_RUNPATH_SEARCH_PATHS = "$(inherited) @executable_path/Frameworks @loader_path/Frameworks";
				PRODUCT_BUNDLE_IDENTIFIER = com.crpr.CleanRxiOSCinemaTests;
				PRODUCT_NAME = "$(TARGET_NAME)";
				SWIFT_VERSION = 3.0;
				TEST_HOST = "$(BUILT_PRODUCTS_DIR)/CleanRxiOSCinema.app/CleanRxiOSCinema";
			};
			name = Debug;
		};
		731332F11E1573E5002AE7D3 /* Release */ = {
			isa = XCBuildConfiguration;
			baseConfigurationReference = 8346425A4450C2728132DBFF /* Pods-CleanRxiOSCinemaTests.release.xcconfig */;
			buildSettings = {
				ALWAYS_EMBED_SWIFT_STANDARD_LIBRARIES = NO;
				BUNDLE_LOADER = "$(TEST_HOST)";
				DEVELOPMENT_TEAM = RY5H3SA37H;
				INFOPLIST_FILE = CleanRxiOSCinemaTests/Info.plist;
				LD_RUNPATH_SEARCH_PATHS = "$(inherited) @executable_path/Frameworks @loader_path/Frameworks";
				PRODUCT_BUNDLE_IDENTIFIER = com.crpr.CleanRxiOSCinemaTests;
				PRODUCT_NAME = "$(TARGET_NAME)";
				SWIFT_VERSION = 3.0;
				TEST_HOST = "$(BUILT_PRODUCTS_DIR)/CleanRxiOSCinema.app/CleanRxiOSCinema";
			};
			name = Release;
		};
/* End XCBuildConfiguration section */

/* Begin XCConfigurationList section */
		73005C771E226811000240C2 /* Build configuration list for PBXNativeTarget "CleanRxiOSCinemaTests1" */ = {
			isa = XCConfigurationList;
			buildConfigurations = (
				73005C751E226811000240C2 /* Debug */,
				73005C761E226811000240C2 /* Release */,
			);
			defaultConfigurationIsVisible = 0;
			defaultConfigurationName = Release;
		};
		731332CA1E1573E5002AE7D3 /* Build configuration list for PBXProject "CleanRxiOSCinema" */ = {
			isa = XCConfigurationList;
			buildConfigurations = (
				731332EA1E1573E5002AE7D3 /* Debug */,
				731332EB1E1573E5002AE7D3 /* Release */,
			);
			defaultConfigurationIsVisible = 0;
			defaultConfigurationName = Release;
		};
		731332EC1E1573E5002AE7D3 /* Build configuration list for PBXNativeTarget "CleanRxiOSCinema" */ = {
			isa = XCConfigurationList;
			buildConfigurations = (
				731332ED1E1573E5002AE7D3 /* Debug */,
				731332EE1E1573E5002AE7D3 /* Release */,
			);
			defaultConfigurationIsVisible = 0;
			defaultConfigurationName = Release;
		};
		731332EF1E1573E5002AE7D3 /* Build configuration list for PBXNativeTarget "CleanRxiOSCinemaTests" */ = {
			isa = XCConfigurationList;
			buildConfigurations = (
				731332F01E1573E5002AE7D3 /* Debug */,
				731332F11E1573E5002AE7D3 /* Release */,
			);
			defaultConfigurationIsVisible = 0;
			defaultConfigurationName = Release;
		};
/* End XCConfigurationList section */
	};
	rootObject = 731332C71E1573E5002AE7D3 /* Project object */;
}
